
Microsoft Visual Studio Solution File, Format Version 12.00
# Visual Studio 15
VisualStudioVersion = 15.0.27703.2035
MinimumVisualStudioVersion = 10.0.40219.1
Project("{FAE04EC0-301F-11D3-BF4B-00C04F79EFBC}") = "ConsoleApp", "ConsoleApp\ConsoleApp.csproj", "{824E4EB8-5476-4242-96EE-D313D7920BBC}"
EndProject
Global
	GlobalSection(SolutionConfigurationPlatforms) = preSolution
		Debug|Any CPU = Debug|Any CPU
		Release|Any CPU = Release|Any CPU
	EndGlobalSection
	GlobalSection(ProjectConfigurationPlatforms) = postSolution
		{824E4EB8-5476-4242-96EE-D313D7920BBC}.Debug|Any CPU.ActiveCfg = Debug|Any CPU
		{824E4EB8-5476-4242-96EE-D313D7920BBC}.Debug|Any CPU.Build.0 = Debug|Any CPU
		{824E4EB8-5476-4242-96EE-D313D7920BBC}.Release|Any CPU.ActiveCfg = Release|Any CPU
		{824E4EB8-5476-4242-96EE-D313D7920BBC}.Release|Any CPU.Build.0 = Release|Any CPU
	EndGlobalSection
	GlobalSection(SolutionProperties) = preSolution
		HideSolutionNode = FALSE
	EndGlobalSection
	GlobalSection(ExtensibilityGlobals) = postSolution
		SolutionGuid = {90F98355-F0FC-4DD7-A562-C15D985FE28B}
	EndGlobalSection
EndGlobal
